
Microsoft Visual Studio Solution File, Format Version 12.00
# Visual Studio 15
Project("{FAE04EC0-301F-11D3-BF4B-00C04F79EFBC}") = "CsharpTricks", "CsharpTricks\CsharpTricks.csproj", "{B8535FE9-4C7F-48C3-8AD5-415765833344}"
EndProject
Global
	GlobalSection(SolutionConfigurationPlatforms) = preSolution
		Debug|Any CPU = Debug|Any CPU
		Release|Any CPU = Release|Any CPU
	EndGlobalSection
	GlobalSection(ProjectConfigurationPlatforms) = postSolution
		{B8535FE9-4C7F-48C3-8AD5-415765833344}.Debug|Any CPU.ActiveCfg = Debug|Any CPU
		{B8535FE9-4C7F-48C3-8AD5-415765833344}.Debug|Any CPU.Build.0 = Debug|Any CPU
		{B8535FE9-4C7F-48C3-8AD5-415765833344}.Release|Any CPU.ActiveCfg = Release|Any CPU
		{B8535FE9-4C7F-48C3-8AD5-415765833344}.Release|Any CPU.Build.0 = Release|Any CPU
	EndGlobalSection
EndGlobal
